
Microsoft Visual Studio Solution File, Format Version 12.00
# Visual Studio Version 16
VisualStudioVersion = 16.0.29403.142
MinimumVisualStudioVersion = 10.0.40219.1
Project("{FAE04EC0-301F-11D3-BF4B-00C04F79EFBC}") = "Week3Day1HW", "Week3Day1HW\Week3Day1HW.csproj", "{DA9D2FA4-036F-4EE2-8F8F-E6DB7E05662A}"
EndProject
Global
	GlobalSection(SolutionConfigurationPlatforms) = preSolution
		Debug|Any CPU = Debug|Any CPU
		Release|Any CPU = Release|Any CPU
	EndGlobalSection
	GlobalSection(ProjectConfigurationPlatforms) = postSolution
		{DA9D2FA4-036F-4EE2-8F8F-E6DB7E05662A}.Debug|Any CPU.ActiveCfg = Debug|Any CPU
		{DA9D2FA4-036F-4EE2-8F8F-E6DB7E05662A}.Debug|Any CPU.Build.0 = Debug|Any CPU
		{DA9D2FA4-036F-4EE2-8F8F-E6DB7E05662A}.Release|Any CPU.ActiveCfg = Release|Any CPU
		{DA9D2FA4-036F-4EE2-8F8F-E6DB7E05662A}.Release|Any CPU.Build.0 = Release|Any CPU
	EndGlobalSection
	GlobalSection(SolutionProperties) = preSolution
		HideSolutionNode = FALSE
	EndGlobalSection
	GlobalSection(ExtensibilityGlobals) = postSolution
		SolutionGuid = {A7550644-7659-4E5B-8D31-08B642115FF4}
	EndGlobalSection
EndGlobal
